
Microsoft Visual Studio Solution File, Format Version 12.00
# Visual Studio 15
VisualStudioVersion = 15.0.28307.168
MinimumVisualStudioVersion = 10.0.40219.1
Project("{9A19103F-16F7-4668-BE54-9A1E7A4F7556}") = "Wayuu.Entities", "Wayuu.Entities\Wayuu.Entities.csproj", "{721A3F67-A1B3-4940-ADAC-3831ABCF8B51}"
EndProject
Project("{9A19103F-16F7-4668-BE54-9A1E7A4F7556}") = "Wayuu.DAL", "Wayuu.DAL\Wayuu.DAL.csproj", "{8465E49A-6726-4DE7-9447-DCEED65DFBDE}"
EndProject
Project("{9A19103F-16F7-4668-BE54-9A1E7A4F7556}") = "Wayuu.BLL", "Wayuu.BLL\Wayuu.BLL.csproj", "{2F8D4329-BA42-4E2F-9AB7-645902D1E622}"
EndProject
Project("{9A19103F-16F7-4668-BE54-9A1E7A4F7556}") = "Wayuu.Services", "Wayuu.Services\Wayuu.Services.csproj", "{DE9C308A-5A62-4032-A641-B52BFB849845}"
EndProject
Project("{9A19103F-16F7-4668-BE54-9A1E7A4F7556}") = "Wayuu.Helpers", "Wayuu.Helpers\Wayuu.Helpers.csproj", "{50C42743-0813-495A-BFE0-A0D484D851C4}"
EndProject
Project("{9A19103F-16F7-4668-BE54-9A1E7A4F7556}") = "Wayuu.WebApp", "Wayuu.WebApp\Wayuu.WebApp.csproj", "{4BDADAF2-F007-45F2-9F81-4E0B8FEC59C7}"
EndProject
Project("{FAE04EC0-301F-11D3-BF4B-00C04F79EFBC}") = "Wayuu.Migrations", "Wayuu.Migrations\Wayuu.Migrations.csproj", "{AF37D6AC-50F7-412A-8C4C-F2553E691282}"
EndProject
Global
	GlobalSection(SolutionConfigurationPlatforms) = preSolution
		Debug|Any CPU = Debug|Any CPU
		Release|Any CPU = Release|Any CPU
	EndGlobalSection
	GlobalSection(ProjectConfigurationPlatforms) = postSolution
		{721A3F67-A1B3-4940-ADAC-3831ABCF8B51}.Debug|Any CPU.ActiveCfg = Debug|Any CPU
		{721A3F67-A1B3-4940-ADAC-3831ABCF8B51}.Debug|Any CPU.Build.0 = Debug|Any CPU
		{721A3F67-A1B3-4940-ADAC-3831ABCF8B51}.Release|Any CPU.ActiveCfg = Release|Any CPU
		{721A3F67-A1B3-4940-ADAC-3831ABCF8B51}.Release|Any CPU.Build.0 = Release|Any CPU
		{8465E49A-6726-4DE7-9447-DCEED65DFBDE}.Debug|Any CPU.ActiveCfg = Debug|Any CPU
		{8465E49A-6726-4DE7-9447-DCEED65DFBDE}.Debug|Any CPU.Build.0 = Debug|Any CPU
		{8465E49A-6726-4DE7-9447-DCEED65DFBDE}.Release|Any CPU.ActiveCfg = Release|Any CPU
		{8465E49A-6726-4DE7-9447-DCEED65DFBDE}.Release|Any CPU.Build.0 = Release|Any CPU
		{2F8D4329-BA42-4E2F-9AB7-645902D1E622}.Debug|Any CPU.ActiveCfg = Debug|Any CPU
		{2F8D4329-BA42-4E2F-9AB7-645902D1E622}.Debug|Any CPU.Build.0 = Debug|Any CPU
		{2F8D4329-BA42-4E2F-9AB7-645902D1E622}.Release|Any CPU.ActiveCfg = Release|Any CPU
		{2F8D4329-BA42-4E2F-9AB7-645902D1E622}.Release|Any CPU.Build.0 = Release|Any CPU
		{DE9C308A-5A62-4032-A641-B52BFB849845}.Debug|Any CPU.ActiveCfg = Debug|Any CPU
		{DE9C308A-5A62-4032-A641-B52BFB849845}.Debug|Any CPU.Build.0 = Debug|Any CPU
		{DE9C308A-5A62-4032-A641-B52BFB849845}.Release|Any CPU.ActiveCfg = Release|Any CPU
		{DE9C308A-5A62-4032-A641-B52BFB849845}.Release|Any CPU.Build.0 = Release|Any CPU
		{50C42743-0813-495A-BFE0-A0D484D851C4}.Debug|Any CPU.ActiveCfg = Debug|Any CPU
		{50C42743-0813-495A-BFE0-A0D484D851C4}.Debug|Any CPU.Build.0 = Debug|Any CPU
		{50C42743-0813-495A-BFE0-A0D484D851C4}.Release|Any CPU.ActiveCfg = Release|Any CPU
		{50C42743-0813-495A-BFE0-A0D484D851C4}.Release|Any CPU.Build.0 = Release|Any CPU
		{4BDADAF2-F007-45F2-9F81-4E0B8FEC59C7}.Debug|Any CPU.ActiveCfg = Debug|Any CPU
		{4BDADAF2-F007-45F2-9F81-4E0B8FEC59C7}.Debug|Any CPU.Build.0 = Debug|Any CPU
		{4BDADAF2-F007-45F2-9F81-4E0B8FEC59C7}.Release|Any CPU.ActiveCfg = Release|Any CPU
		{4BDADAF2-F007-45F2-9F81-4E0B8FEC59C7}.Release|Any CPU.Build.0 = Release|Any CPU
		{AF37D6AC-50F7-412A-8C4C-F2553E691282}.Debug|Any CPU.ActiveCfg = Debug|Any CPU
		{AF37D6AC-50F7-412A-8C4C-F2553E691282}.Debug|Any CPU.Build.0 = Debug|Any CPU
		{AF37D6AC-50F7-412A-8C4C-F2553E691282}.Release|Any CPU.ActiveCfg = Release|Any CPU
		{AF37D6AC-50F7-412A-8C4C-F2553E691282}.Release|Any CPU.Build.0 = Release|Any CPU
	EndGlobalSection
	GlobalSection(SolutionProperties) = preSolution
		HideSolutionNode = FALSE
	EndGlobalSection
	GlobalSection(ExtensibilityGlobals) = postSolution
		SolutionGuid = {B79F41B6-686F-456A-AAC8-8433EFC0EFF1}
	EndGlobalSection
EndGlobal
